# This file was autogenerated by Stack.
# You should not edit this file by hand.
# For more information, please see the documentation at:
#   https://docs.haskellstack.org/en/stable/lock_files

packages:
- completed:
    hackage: aws-lambda-haskell-runtime-2.0.3@sha256:0270ce918256e377968337de8e19a8c6af8fbae408ee76b4c2bee3b5bb9ac790,2899
    pantry-tree:
      size: 1411
      sha256: 62e1f09cddc92bfe20d0f5ffce195152e67e9887524caad98d9f4d869430846c
  original:
    hackage: aws-lambda-haskell-runtime-2.0.3
snapshots:
- completed:
    size: 524154
    url: https://raw.githubusercontent.com/commercialhaskell/stackage-snapshots/master/lts/14/20.yaml
    sha256: 2f5099f69ddb6abfe64400fe1e6a604e8e628f55e6837211cd70a81eb0a8fa4d
  original: lts-14.20
