# This file was autogenerated by Stack.
# You should not edit this file by hand.
# For more information, please see the documentation at:
#   https://docs.haskellstack.org/en/stable/lock_files

packages:
- completed:
    hackage: aws-lambda-haskell-runtime-2.0.3@sha256:0270ce918256e377968337de8e19a8c6af8fbae408ee76b4c2bee3b5bb9ac790,2899
    pantry-tree:
      size: 1411
      sha256: 62e1f09cddc92bfe20d0f5ffce195152e67e9887524caad98d9f4d869430846c
  original:
    hackage: aws-lambda-haskell-runtime-2.0.3
- completed:
    hackage: amazonka-1.6.1@sha256:d863557379350ed6bbb91187abeb8c349a654f60b140d138710486f58ae7c476,3536
    pantry-tree:
      size: 992
      sha256: 55747f9b56063ea1be73a962e1ce44528b9856e119e2d9f1238397b3112b6e70
  original:
    hackage: amazonka-1.6.1
- completed:
    hackage: amazonka-core-1.6.1@sha256:9bc59ce403c6eeba3b3eaf3f10e5f0b6a33b6edbbf8f6de0dd6f4c67b86fa698,5135
    pantry-tree:
      size: 3438
      sha256: c13e643176308771491ec0e06390e269047bb1b28be4535992842f7426a95eb4
  original:
    hackage: amazonka-core-1.6.1
- completed:
    hackage: amazonka-dynamodb-1.6.1@sha256:6b8852049c65207a7b3741aafa3e4e6c77cfa115e05de3c74868218ae642b6b0,4459
    pantry-tree:
      size: 8333
      sha256: bd7469b4077272ecf37fe30dcff64c3af0a820b610ca592c172d7fa97d9e6833
  original:
    hackage: amazonka-dynamodb-1.6.1
snapshots:
- completed:
    size: 524154
    url: https://raw.githubusercontent.com/commercialhaskell/stackage-snapshots/master/lts/14/20.yaml
    sha256: 2f5099f69ddb6abfe64400fe1e6a604e8e628f55e6837211cd70a81eb0a8fa4d
  original: lts-14.20
